// !$*UTF8*$!
{
	archiveVersion = 1;
	classes = {
	};
	objectVersion = 56;
	objects = {

/* Begin PBXBuildFile section */
		C06F31BD2B6EC03600EC8E14 /* WeatherForecastModel.swift in Sources */ = {isa = PBXBuildFile; fileRef = C06F31BC2B6EC03600EC8E14 /* WeatherForecastModel.swift */; };
		C06F31BF2B6EC22300EC8E14 /* WeatherView.swift in Sources */ = {isa = PBXBuildFile; fileRef = C06F31BE2B6EC22300EC8E14 /* WeatherView.swift */; };
		C06F31C12B6EC25E00EC8E14 /* WeatherViewModel.swift in Sources */ = {isa = PBXBuildFile; fileRef = C06F31C02B6EC25E00EC8E14 /* WeatherViewModel.swift */; };
		C06F31C32B6F377F00EC8E14 /* WeatherDetailsView.swift in Sources */ = {isa = PBXBuildFile; fileRef = C06F31C22B6F377F00EC8E14 /* WeatherDetailsView.swift */; };
		C06F31C52B6F584E00EC8E14 /* Utilities.swift in Sources */ = {isa = PBXBuildFile; fileRef = C06F31C42B6F584E00EC8E14 /* Utilities.swift */; };
		C06F31C72B7023B900EC8E14 /* WeatherPointModel.swift in Sources */ = {isa = PBXBuildFile; fileRef = C06F31C62B7023B900EC8E14 /* WeatherPointModel.swift */; };
		C06F31C92B7051D500EC8E14 /* WeatherDetailedForecastModel.swift in Sources */ = {isa = PBXBuildFile; fileRef = C06F31C82B7051D500EC8E14 /* WeatherDetailedForecastModel.swift */; };
		C06F31CB2B7092A400EC8E14 /* LocationModel.swift in Sources */ = {isa = PBXBuildFile; fileRef = C06F31CA2B7092A400EC8E14 /* LocationModel.swift */; };
		C076BB982B73238800AF5094 /* Config.plist in Resources */ = {isa = PBXBuildFile; fileRef = C076BB972B73238700AF5094 /* Config.plist */; };
		C076BB9A2B73239700AF5094 /* .gitignore in Resources */ = {isa = PBXBuildFile; fileRef = C076BB992B73239700AF5094 /* .gitignore */; };
		C09D3C1D2B69EA7C00065060 /* NPS_Data_ExplorerApp.swift in Sources */ = {isa = PBXBuildFile; fileRef = C09D3C1C2B69EA7C00065060 /* NPS_Data_ExplorerApp.swift */; };
		C09D3C1F2B69EA7C00065060 /* ContentView.swift in Sources */ = {isa = PBXBuildFile; fileRef = C09D3C1E2B69EA7C00065060 /* ContentView.swift */; };
		C09D3C212B69EA7E00065060 /* Assets.xcassets in Resources */ = {isa = PBXBuildFile; fileRef = C09D3C202B69EA7E00065060 /* Assets.xcassets */; };
		C09D3C242B69EA7E00065060 /* Preview Assets.xcassets in Resources */ = {isa = PBXBuildFile; fileRef = C09D3C232B69EA7E00065060 /* Preview Assets.xcassets */; };
/* End PBXBuildFile section */

/* Begin PBXFileReference section */
		C06F31BC2B6EC03600EC8E14 /* WeatherForecastModel.swift */ = {isa = PBXFileReference; lastKnownFileType = sourcecode.swift; path = WeatherForecastModel.swift; sourceTree = "<group>"; };
		C06F31BE2B6EC22300EC8E14 /* WeatherView.swift */ = {isa = PBXFileReference; lastKnownFileType = sourcecode.swift; path = WeatherView.swift; sourceTree = "<group>"; };
		C06F31C02B6EC25E00EC8E14 /* WeatherViewModel.swift */ = {isa = PBXFileReference; lastKnownFileType = sourcecode.swift; path = WeatherViewModel.swift; sourceTree = "<group>"; };
		C06F31C22B6F377F00EC8E14 /* WeatherDetailsView.swift */ = {isa = PBXFileReference; lastKnownFileType = sourcecode.swift; path = WeatherDetailsView.swift; sourceTree = "<group>"; };
		C06F31C42B6F584E00EC8E14 /* Utilities.swift */ = {isa = PBXFileReference; lastKnownFileType = sourcecode.swift; path = Utilities.swift; sourceTree = "<group>"; };
		C06F31C62B7023B900EC8E14 /* WeatherPointModel.swift */ = {isa = PBXFileReference; lastKnownFileType = sourcecode.swift; path = WeatherPointModel.swift; sourceTree = "<group>"; };
		C06F31C82B7051D500EC8E14 /* WeatherDetailedForecastModel.swift */ = {isa = PBXFileReference; lastKnownFileType = sourcecode.swift; path = WeatherDetailedForecastModel.swift; sourceTree = "<group>"; };
		C06F31CA2B7092A400EC8E14 /* LocationModel.swift */ = {isa = PBXFileReference; lastKnownFileType = sourcecode.swift; path = LocationModel.swift; sourceTree = "<group>"; };
		C076BB972B73238700AF5094 /* Config.plist */ = {isa = PBXFileReference; lastKnownFileType = text.plist; path = Config.plist; sourceTree = "<group>"; };
		C076BB992B73239700AF5094 /* .gitignore */ = {isa = PBXFileReference; fileEncoding = 4; lastKnownFileType = text; path = .gitignore; sourceTree = "<group>"; };
		C09D3C192B69EA7C00065060 /* NPS Data Explorer.app */ = {isa = PBXFileReference; explicitFileType = wrapper.application; includeInIndex = 0; path = "NPS Data Explorer.app"; sourceTree = BUILT_PRODUCTS_DIR; };
		C09D3C1C2B69EA7C00065060 /* NPS_Data_ExplorerApp.swift */ = {isa = PBXFileReference; lastKnownFileType = sourcecode.swift; path = NPS_Data_ExplorerApp.swift; sourceTree = "<group>"; };
		C09D3C1E2B69EA7C00065060 /* ContentView.swift */ = {isa = PBXFileReference; lastKnownFileType = sourcecode.swift; path = ContentView.swift; sourceTree = "<group>"; };
		C09D3C202B69EA7E00065060 /* Assets.xcassets */ = {isa = PBXFileReference; lastKnownFileType = folder.assetcatalog; path = Assets.xcassets; sourceTree = "<group>"; };
		C09D3C232B69EA7E00065060 /* Preview Assets.xcassets */ = {isa = PBXFileReference; lastKnownFileType = folder.assetcatalog; path = "Preview Assets.xcassets"; sourceTree = "<group>"; };
/* End PBXFileReference section */

/* Begin PBXFrameworksBuildPhase section */
		C09D3C162B69EA7C00065060 /* Frameworks */ = {
			isa = PBXFrameworksBuildPhase;
			buildActionMask = 2147483647;
			files = (
			);
			runOnlyForDeploymentPostprocessing = 0;
		};
/* End PBXFrameworksBuildPhase section */

/* Begin PBXGroup section */
		C06F31B92B6EBEAF00EC8E14 /* View */ = {
			isa = PBXGroup;
			children = (
				C09D3C1E2B69EA7C00065060 /* ContentView.swift */,
				C06F31BE2B6EC22300EC8E14 /* WeatherView.swift */,
				C06F31C22B6F377F00EC8E14 /* WeatherDetailsView.swift */,
			);
			path = View;
			sourceTree = "<group>";
		};
		C06F31BA2B6EBEBE00EC8E14 /* ViewModel */ = {
			isa = PBXGroup;
			children = (
				C06F31C02B6EC25E00EC8E14 /* WeatherViewModel.swift */,
			);
			path = ViewModel;
			sourceTree = "<group>";
		};
		C06F31BB2B6EBEC500EC8E14 /* Model */ = {
			isa = PBXGroup;
			children = (
				C06F31BC2B6EC03600EC8E14 /* WeatherForecastModel.swift */,
				C06F31C62B7023B900EC8E14 /* WeatherPointModel.swift */,
				C06F31C82B7051D500EC8E14 /* WeatherDetailedForecastModel.swift */,
				C06F31CA2B7092A400EC8E14 /* LocationModel.swift */,
			);
			path = Model;
			sourceTree = "<group>";
		};
		C09D3C102B69EA7C00065060 = {
			isa = PBXGroup;
			children = (
				C076BB992B73239700AF5094 /* .gitignore */,
				C076BB972B73238700AF5094 /* Config.plist */,
				C09D3C1B2B69EA7C00065060 /* NPS Data Explorer */,
				C09D3C1A2B69EA7C00065060 /* Products */,
			);
			sourceTree = "<group>";
		};
		C09D3C1A2B69EA7C00065060 /* Products */ = {
			isa = PBXGroup;
			children = (
				C09D3C192B69EA7C00065060 /* NPS Data Explorer.app */,
			);
			name = Products;
			sourceTree = "<group>";
		};
		C09D3C1B2B69EA7C00065060 /* NPS Data Explorer */ = {
			isa = PBXGroup;
			children = (
				C0C559A62B71D3FC00442589 /* Utils */,
				C06F31BB2B6EBEC500EC8E14 /* Model */,
				C06F31BA2B6EBEBE00EC8E14 /* ViewModel */,
				C06F31B92B6EBEAF00EC8E14 /* View */,
				C09D3C1C2B69EA7C00065060 /* NPS_Data_ExplorerApp.swift */,
				C09D3C202B69EA7E00065060 /* Assets.xcassets */,
				C09D3C222B69EA7E00065060 /* Preview Content */,
			);
			path = "NPS Data Explorer";
			sourceTree = "<group>";
		};
		C09D3C222B69EA7E00065060 /* Preview Content */ = {
			isa = PBXGroup;
			children = (
				C09D3C232B69EA7E00065060 /* Preview Assets.xcassets */,
			);
			path = "Preview Content";
			sourceTree = "<group>";
		};
		C0C559A62B71D3FC00442589 /* Utils */ = {
			isa = PBXGroup;
			children = (
				C06F31C42B6F584E00EC8E14 /* Utilities.swift */,
			);
			path = Utils;
			sourceTree = "<group>";
		};
/* End PBXGroup section */

/* Begin PBXNativeTarget section */
		C09D3C182B69EA7C00065060 /* NPS Data Explorer */ = {
			isa = PBXNativeTarget;
			buildConfigurationList = C09D3C272B69EA7E00065060 /* Build configuration list for PBXNativeTarget "NPS Data Explorer" */;
			buildPhases = (
				C09D3C152B69EA7C00065060 /* Sources */,
				C09D3C162B69EA7C00065060 /* Frameworks */,
				C09D3C172B69EA7C00065060 /* Resources */,
			);
			buildRules = (
			);
			dependencies = (
			);
			name = "NPS Data Explorer";
			productName = "NPS Data Explorer";
			productReference = C09D3C192B69EA7C00065060 /* NPS Data Explorer.app */;
			productType = "com.apple.product-type.application";
		};
/* End PBXNativeTarget section */

/* Begin PBXProject section */
		C09D3C112B69EA7C00065060 /* Project object */ = {
			isa = PBXProject;
			attributes = {
				BuildIndependentTargetsInParallel = 1;
				LastSwiftUpdateCheck = 1520;
				LastUpgradeCheck = 1520;
				TargetAttributes = {
					C09D3C182B69EA7C00065060 = {
						CreatedOnToolsVersion = 15.2;
					};
				};
			};
			buildConfigurationList = C09D3C142B69EA7C00065060 /* Build configuration list for PBXProject "NPS Data Explorer" */;
			compatibilityVersion = "Xcode 14.0";
			developmentRegion = en;
			hasScannedForEncodings = 0;
			knownRegions = (
				en,
				Base,
			);
			mainGroup = C09D3C102B69EA7C00065060;
			productRefGroup = C09D3C1A2B69EA7C00065060 /* Products */;
			projectDirPath = "";
			projectRoot = "";
			targets = (
				C09D3C182B69EA7C00065060 /* NPS Data Explorer */,
			);
		};
/* End PBXProject section */

/* Begin PBXResourcesBuildPhase section */
		C09D3C172B69EA7C00065060 /* Resources */ = {
			isa = PBXResourcesBuildPhase;
			buildActionMask = 2147483647;
			files = (
				C076BB9A2B73239700AF5094 /* .gitignore in Resources */,
				C09D3C242B69EA7E00065060 /* Preview Assets.xcassets in Resources */,
				C076BB982B73238800AF5094 /* Config.plist in Resources */,
				C09D3C212B69EA7E00065060 /* Assets.xcassets in Resources */,
			);
			runOnlyForDeploymentPostprocessing = 0;
		};
/* End PBXResourcesBuildPhase section */

/* Begin PBXSourcesBuildPhase section */
		C09D3C152B69EA7C00065060 /* Sources */ = {
			isa = PBXSourcesBuildPhase;
			buildActionMask = 2147483647;
			files = (
				C06F31C12B6EC25E00EC8E14 /* WeatherViewModel.swift in Sources */,
				C06F31BD2B6EC03600EC8E14 /* WeatherForecastModel.swift in Sources */,
				C06F31C92B7051D500EC8E14 /* WeatherDetailedForecastModel.swift in Sources */,
				C06F31C52B6F584E00EC8E14 /* Utilities.swift in Sources */,
				C06F31C32B6F377F00EC8E14 /* WeatherDetailsView.swift in Sources */,
				C09D3C1F2B69EA7C00065060 /* ContentView.swift in Sources */,
				C06F31C72B7023B900EC8E14 /* WeatherPointModel.swift in Sources */,
				C09D3C1D2B69EA7C00065060 /* NPS_Data_ExplorerApp.swift in Sources */,
				C06F31CB2B7092A400EC8E14 /* LocationModel.swift in Sources */,
				C06F31BF2B6EC22300EC8E14 /* WeatherView.swift in Sources */,
			);
			runOnlyForDeploymentPostprocessing = 0;
		};
/* End PBXSourcesBuildPhase section */

/* Begin XCBuildConfiguration section */
		C09D3C252B69EA7E00065060 /* Debug */ = {
			isa = XCBuildConfiguration;
			buildSettings = {
				ALWAYS_SEARCH_USER_PATHS = NO;
				ASSETCATALOG_COMPILER_GENERATE_SWIFT_ASSET_SYMBOL_EXTENSIONS = YES;
				CLANG_ANALYZER_NONNULL = YES;
				CLANG_ANALYZER_NUMBER_OBJECT_CONVERSION = YES_AGGRESSIVE;
				CLANG_CXX_LANGUAGE_STANDARD = "gnu++20";
				CLANG_ENABLE_MODULES = YES;
				CLANG_ENABLE_OBJC_ARC = YES;
				CLANG_ENABLE_OBJC_WEAK = YES;
				CLANG_WARN_BLOCK_CAPTURE_AUTORELEASING = YES;
				CLANG_WARN_BOOL_CONVERSION = YES;
				CLANG_WARN_COMMA = YES;
				CLANG_WARN_CONSTANT_CONVERSION = YES;
				CLANG_WARN_DEPRECATED_OBJC_IMPLEMENTATIONS = YES;
				CLANG_WARN_DIRECT_OBJC_ISA_USAGE = YES_ERROR;
				CLANG_WARN_DOCUMENTATION_COMMENTS = YES;
				CLANG_WARN_EMPTY_BODY = YES;
				CLANG_WARN_ENUM_CONVERSION = YES;
				CLANG_WARN_INFINITE_RECURSION = YES;
				CLANG_WARN_INT_CONVERSION = YES;
				CLANG_WARN_NON_LITERAL_NULL_CONVERSION = YES;
				CLANG_WARN_OBJC_IMPLICIT_RETAIN_SELF = YES;
				CLANG_WARN_OBJC_LITERAL_CONVERSION = YES;
				CLANG_WARN_OBJC_ROOT_CLASS = YES_ERROR;
				CLANG_WARN_QUOTED_INCLUDE_IN_FRAMEWORK_HEADER = YES;
				CLANG_WARN_RANGE_LOOP_ANALYSIS = YES;
				CLANG_WARN_STRICT_PROTOTYPES = YES;
				CLANG_WARN_SUSPICIOUS_MOVE = YES;
				CLANG_WARN_UNGUARDED_AVAILABILITY = YES_AGGRESSIVE;
				CLANG_WARN_UNREACHABLE_CODE = YES;
				CLANG_WARN__DUPLICATE_METHOD_MATCH = YES;
				COPY_PHASE_STRIP = NO;
				DEBUG_INFORMATION_FORMAT = dwarf;
				ENABLE_STRICT_OBJC_MSGSEND = YES;
				ENABLE_TESTABILITY = YES;
				ENABLE_USER_SCRIPT_SANDBOXING = YES;
				GCC_C_LANGUAGE_STANDARD = gnu17;
				GCC_DYNAMIC_NO_PIC = NO;
				GCC_NO_COMMON_BLOCKS = YES;
				GCC_OPTIMIZATION_LEVEL = 0;
				GCC_PREPROCESSOR_DEFINITIONS = (
					"DEBUG=1",
					"$(inherited)",
				);
				GCC_WARN_64_TO_32_BIT_CONVERSION = YES;
				GCC_WARN_ABOUT_RETURN_TYPE = YES_ERROR;
				GCC_WARN_UNDECLARED_SELECTOR = YES;
				GCC_WARN_UNINITIALIZED_AUTOS = YES_AGGRESSIVE;
				GCC_WARN_UNUSED_FUNCTION = YES;
				GCC_WARN_UNUSED_VARIABLE = YES;
				IPHONEOS_DEPLOYMENT_TARGET = 17.2;
				LOCALIZATION_PREFERS_STRING_CATALOGS = YES;
				MTL_ENABLE_DEBUG_INFO = INCLUDE_SOURCE;
				MTL_FAST_MATH = YES;
				ONLY_ACTIVE_ARCH = YES;
				SDKROOT = iphoneos;
				SWIFT_ACTIVE_COMPILATION_CONDITIONS = "DEBUG $(inherited)";
				SWIFT_OPTIMIZATION_LEVEL = "-Onone";
			};
			name = Debug;
		};
		C09D3C262B69EA7E00065060 /* Release */ = {
			isa = XCBuildConfiguration;
			buildSettings = {
				ALWAYS_SEARCH_USER_PATHS = NO;
				ASSETCATALOG_COMPILER_GENERATE_SWIFT_ASSET_SYMBOL_EXTENSIONS = YES;
				CLANG_ANALYZER_NONNULL = YES;
				CLANG_ANALYZER_NUMBER_OBJECT_CONVERSION = YES_AGGRESSIVE;
				CLANG_CXX_LANGUAGE_STANDARD = "gnu++20";
				CLANG_ENABLE_MODULES = YES;
				CLANG_ENABLE_OBJC_ARC = YES;
				CLANG_ENABLE_OBJC_WEAK = YES;
				CLANG_WARN_BLOCK_CAPTURE_AUTORELEASING = YES;
				CLANG_WARN_BOOL_CONVERSION = YES;
				CLANG_WARN_COMMA = YES;
				CLANG_WARN_CONSTANT_CONVERSION = YES;
				CLANG_WARN_DEPRECATED_OBJC_IMPLEMENTATIONS = YES;
				CLANG_WARN_DIRECT_OBJC_ISA_USAGE = YES_ERROR;
				CLANG_WARN_DOCUMENTATION_COMMENTS = YES;
				CLANG_WARN_EMPTY_BODY = YES;
				CLANG_WARN_ENUM_CONVERSION = YES;
				CLANG_WARN_INFINITE_RECURSION = YES;
				CLANG_WARN_INT_CONVERSION = YES;
				CLANG_WARN_NON_LITERAL_NULL_CONVERSION = YES;
				CLANG_WARN_OBJC_IMPLICIT_RETAIN_SELF = YES;
				CLANG_WARN_OBJC_LITERAL_CONVERSION = YES;
				CLANG_WARN_OBJC_ROOT_CLASS = YES_ERROR;
				CLANG_WARN_QUOTED_INCLUDE_IN_FRAMEWORK_HEADER = YES;
				CLANG_WARN_RANGE_LOOP_ANALYSIS = YES;
				CLANG_WARN_STRICT_PROTOTYPES = YES;
				CLANG_WARN_SUSPICIOUS_MOVE = YES;
				CLANG_WARN_UNGUARDED_AVAILABILITY = YES_AGGRESSIVE;
				CLANG_WARN_UNREACHABLE_CODE = YES;
				CLANG_WARN__DUPLICATE_METHOD_MATCH = YES;
				COPY_PHASE_STRIP = NO;
				DEBUG_INFORMATION_FORMAT = "dwarf-with-dsym";
				ENABLE_NS_ASSERTIONS = NO;
				ENABLE_STRICT_OBJC_MSGSEND = YES;
				ENABLE_USER_SCRIPT_SANDBOXING = YES;
				GCC_C_LANGUAGE_STANDARD = gnu17;
				GCC_NO_COMMON_BLOCKS = YES;
				GCC_WARN_64_TO_32_BIT_CONVERSION = YES;
				GCC_WARN_ABOUT_RETURN_TYPE = YES_ERROR;
				GCC_WARN_UNDECLARED_SELECTOR = YES;
				GCC_WARN_UNINITIALIZED_AUTOS = YES_AGGRESSIVE;
				GCC_WARN_UNUSED_FUNCTION = YES;
				GCC_WARN_UNUSED_VARIABLE = YES;
				IPHONEOS_DEPLOYMENT_TARGET = 17.2;
				LOCALIZATION_PREFERS_STRING_CATALOGS = YES;
				MTL_ENABLE_DEBUG_INFO = NO;
				MTL_FAST_MATH = YES;
				SDKROOT = iphoneos;
				SWIFT_COMPILATION_MODE = wholemodule;
				VALIDATE_PRODUCT = YES;
			};
			name = Release;
		};
		C09D3C282B69EA7E00065060 /* Debug */ = {
			isa = XCBuildConfiguration;
			buildSettings = {
				ASSETCATALOG_COMPILER_APPICON_NAME = AppIcon;
				ASSETCATALOG_COMPILER_GLOBAL_ACCENT_COLOR_NAME = AccentColor;
				CODE_SIGN_STYLE = Automatic;
				CURRENT_PROJECT_VERSION = 1;
				DEVELOPMENT_ASSET_PATHS = "\"NPS Data Explorer/Preview Content\"";
				DEVELOPMENT_TEAM = UA6QK2UR33;
				ENABLE_PREVIEWS = YES;
				GENERATE_INFOPLIST_FILE = YES;
				INFOPLIST_KEY_UIApplicationSceneManifest_Generation = YES;
				INFOPLIST_KEY_UIApplicationSupportsIndirectInputEvents = YES;
				INFOPLIST_KEY_UILaunchScreen_Generation = YES;
				INFOPLIST_KEY_UISupportedInterfaceOrientations_iPad = "UIInterfaceOrientationPortrait UIInterfaceOrientationPortraitUpsideDown UIInterfaceOrientationLandscapeLeft UIInterfaceOrientationLandscapeRight";
				INFOPLIST_KEY_UISupportedInterfaceOrientations_iPhone = "UIInterfaceOrientationPortrait UIInterfaceOrientationLandscapeLeft UIInterfaceOrientationLandscapeRight";
				LD_RUNPATH_SEARCH_PATHS = (
					"$(inherited)",
					"@executable_path/Frameworks",
				);
				MARKETING_VERSION = 1.0;
				PRODUCT_BUNDLE_IDENTIFIER = "com.samhoag.NPS-Data-Explorer";
				PRODUCT_NAME = "$(TARGET_NAME)";
				SWIFT_EMIT_LOC_STRINGS = YES;
				SWIFT_VERSION = 5.0;
				TARGETED_DEVICE_FAMILY = "1,2";
			};
			name = Debug;
		};
		C09D3C292B69EA7E00065060 /* Release */ = {
			isa = XCBuildConfiguration;
			buildSettings = {
				ASSETCATALOG_COMPILER_APPICON_NAME = AppIcon;
				ASSETCATALOG_COMPILER_GLOBAL_ACCENT_COLOR_NAME = AccentColor;
				CODE_SIGN_STYLE = Automatic;
				CURRENT_PROJECT_VERSION = 1;
				DEVELOPMENT_ASSET_PATHS = "\"NPS Data Explorer/Preview Content\"";
				DEVELOPMENT_TEAM = UA6QK2UR33;
				ENABLE_PREVIEWS = YES;
				GENERATE_INFOPLIST_FILE = YES;
				INFOPLIST_KEY_UIApplicationSceneManifest_Generation = YES;
				INFOPLIST_KEY_UIApplicationSupportsIndirectInputEvents = YES;
				INFOPLIST_KEY_UILaunchScreen_Generation = YES;
				INFOPLIST_KEY_UISupportedInterfaceOrientations_iPad = "UIInterfaceOrientationPortrait UIInterfaceOrientationPortraitUpsideDown UIInterfaceOrientationLandscapeLeft UIInterfaceOrientationLandscapeRight";
				INFOPLIST_KEY_UISupportedInterfaceOrientations_iPhone = "UIInterfaceOrientationPortrait UIInterfaceOrientationLandscapeLeft UIInterfaceOrientationLandscapeRight";
				LD_RUNPATH_SEARCH_PATHS = (
					"$(inherited)",
					"@executable_path/Frameworks",
				);
				MARKETING_VERSION = 1.0;
				PRODUCT_BUNDLE_IDENTIFIER = "com.samhoag.NPS-Data-Explorer";
				PRODUCT_NAME = "$(TARGET_NAME)";
				SWIFT_EMIT_LOC_STRINGS = YES;
				SWIFT_VERSION = 5.0;
				TARGETED_DEVICE_FAMILY = "1,2";
			};
			name = Release;
		};
/* End XCBuildConfiguration section */

/* Begin XCConfigurationList section */
		C09D3C142B69EA7C00065060 /* Build configuration list for PBXProject "NPS Data Explorer" */ = {
			isa = XCConfigurationList;
			buildConfigurations = (
				C09D3C252B69EA7E00065060 /* Debug */,
				C09D3C262B69EA7E00065060 /* Release */,
			);
			defaultConfigurationIsVisible = 0;
			defaultConfigurationName = Release;
		};
		C09D3C272B69EA7E00065060 /* Build configuration list for PBXNativeTarget "NPS Data Explorer" */ = {
			isa = XCConfigurationList;
			buildConfigurations = (
				C09D3C282B69EA7E00065060 /* Debug */,
				C09D3C292B69EA7E00065060 /* Release */,
			);
			defaultConfigurationIsVisible = 0;
			defaultConfigurationName = Release;
		};
/* End XCConfigurationList section */
	};
	rootObject = C09D3C112B69EA7C00065060 /* Project object */;
}
